
Microsoft Visual Studio Solution File, Format Version 12.00
# Visual Studio Version 17
VisualStudioVersion = 17.10.34928.147
MinimumVisualStudioVersion = 10.0.40219.1
Project("{FAE04EC0-301F-11D3-BF4B-00C04F79EFBC}") = "VALIDATION2", "VALIDATION2\VALIDATION2.csproj", "{88A67778-B757-4BA4-8489-85EC394ECCAD}"
EndProject
Global
	GlobalSection(SolutionConfigurationPlatforms) = preSolution
		Debug|Any CPU = Debug|Any CPU
		Release|Any CPU = Release|Any CPU
	EndGlobalSection
	GlobalSection(ProjectConfigurationPlatforms) = postSolution
		{88A67778-B757-4BA4-8489-85EC394ECCAD}.Debug|Any CPU.ActiveCfg = Debug|Any CPU
		{88A67778-B757-4BA4-8489-85EC394ECCAD}.Debug|Any CPU.Build.0 = Debug|Any CPU
		{88A67778-B757-4BA4-8489-85EC394ECCAD}.Release|Any CPU.ActiveCfg = Release|Any CPU
		{88A67778-B757-4BA4-8489-85EC394ECCAD}.Release|Any CPU.Build.0 = Release|Any CPU
	EndGlobalSection
	GlobalSection(SolutionProperties) = preSolution
		HideSolutionNode = FALSE
	EndGlobalSection
	GlobalSection(ExtensibilityGlobals) = postSolution
		SolutionGuid = {0A90773D-F2EB-434D-898E-AA12DE6A8488}
	EndGlobalSection
EndGlobal
